// !$*UTF8*$!
{
	archiveVersion = 1;
	classes = {
	};
	objectVersion = 46;
	objects = {

/* Begin PBXBuildFile section */
		0876E08973F99761DE78B549 /* libPods-zaiweiSDKUITests.a in Frameworks */ = {isa = PBXBuildFile; fileRef = EFBCDDFB28A28E9AF43FE007 /* libPods-zaiweiSDKUITests.a */; };
		39F1E61F1CF54424007A8751 /* main.m in Sources */ = {isa = PBXBuildFile; fileRef = 39F1E61E1CF54424007A8751 /* main.m */; };
		39F1E6221CF54424007A8751 /* AppDelegate.m in Sources */ = {isa = PBXBuildFile; fileRef = 39F1E6211CF54424007A8751 /* AppDelegate.m */; };
		39F1E6251CF54424007A8751 /* ViewController.m in Sources */ = {isa = PBXBuildFile; fileRef = 39F1E6241CF54424007A8751 /* ViewController.m */; };
		39F1E6281CF54424007A8751 /* Main.storyboard in Resources */ = {isa = PBXBuildFile; fileRef = 39F1E6261CF54424007A8751 /* Main.storyboard */; };
		39F1E62A1CF54424007A8751 /* Assets.xcassets in Resources */ = {isa = PBXBuildFile; fileRef = 39F1E6291CF54424007A8751 /* Assets.xcassets */; };
		39F1E62D1CF54424007A8751 /* LaunchScreen.storyboard in Resources */ = {isa = PBXBuildFile; fileRef = 39F1E62B1CF54424007A8751 /* LaunchScreen.storyboard */; };
		39F1E6381CF54424007A8751 /* zaiweiSDKTests.m in Sources */ = {isa = PBXBuildFile; fileRef = 39F1E6371CF54424007A8751 /* zaiweiSDKTests.m */; };
		39F1E6431CF54424007A8751 /* zaiweiSDKUITests.m in Sources */ = {isa = PBXBuildFile; fileRef = 39F1E6421CF54424007A8751 /* zaiweiSDKUITests.m */; };
		39F1E6561CF549AA007A8751 /* ZWViewController.m in Sources */ = {isa = PBXBuildFile; fileRef = 39F1E6551CF549AA007A8751 /* ZWViewController.m */; };
		9724C9628719309CDA29D738 /* libPods-zaiweiSDKTests.a in Frameworks */ = {isa = PBXBuildFile; fileRef = B049F5A067F357D8804C9BBD /* libPods-zaiweiSDKTests.a */; };
		D1471937A00A897D29D73D09 /* libPods-zaiweiSDK.a in Frameworks */ = {isa = PBXBuildFile; fileRef = 54CBF23113E6A8FC82BFAC18 /* libPods-zaiweiSDK.a */; };
/* End PBXBuildFile section */

/* Begin PBXContainerItemProxy section */
		39F1E6341CF54424007A8751 /* PBXContainerItemProxy */ = {
			isa = PBXContainerItemProxy;
			containerPortal = 39F1E6121CF54424007A8751 /* Project object */;
			proxyType = 1;
			remoteGlobalIDString = 39F1E6191CF54424007A8751;
			remoteInfo = zaiweiSDK;
		};
		39F1E63F1CF54424007A8751 /* PBXContainerItemProxy */ = {
			isa = PBXContainerItemProxy;
			containerPortal = 39F1E6121CF54424007A8751 /* Project object */;
			proxyType = 1;
			remoteGlobalIDString = 39F1E6191CF54424007A8751;
			remoteInfo = zaiweiSDK;
		};
/* End PBXContainerItemProxy section */

/* Begin PBXFileReference section */
		0E6EA9877CC6EC2865E3D72B /* Pods-zaiweiSDKUITests.release.xcconfig */ = {isa = PBXFileReference; includeInIndex = 1; lastKnownFileType = text.xcconfig; name = "Pods-zaiweiSDKUITests.release.xcconfig"; path = "Pods/Target Support Files/Pods-zaiweiSDKUITests/Pods-zaiweiSDKUITests.release.xcconfig"; sourceTree = "<group>"; };
		39F1E61A1CF54424007A8751 /* zaiweiSDK.app */ = {isa = PBXFileReference; explicitFileType = wrapper.application; includeInIndex = 0; path = zaiweiSDK.app; sourceTree = BUILT_PRODUCTS_DIR; };
		39F1E61E1CF54424007A8751 /* main.m */ = {isa = PBXFileReference; lastKnownFileType = sourcecode.c.objc; path = main.m; sourceTree = "<group>"; };
		39F1E6201CF54424007A8751 /* AppDelegate.h */ = {isa = PBXFileReference; lastKnownFileType = sourcecode.c.h; path = AppDelegate.h; sourceTree = "<group>"; };
		39F1E6211CF54424007A8751 /* AppDelegate.m */ = {isa = PBXFileReference; lastKnownFileType = sourcecode.c.objc; path = AppDelegate.m; sourceTree = "<group>"; };
		39F1E6231CF54424007A8751 /* ViewController.h */ = {isa = PBXFileReference; lastKnownFileType = sourcecode.c.h; path = ViewController.h; sourceTree = "<group>"; };
		39F1E6241CF54424007A8751 /* ViewController.m */ = {isa = PBXFileReference; lastKnownFileType = sourcecode.c.objc; path = ViewController.m; sourceTree = "<group>"; };
		39F1E6271CF54424007A8751 /* Base */ = {isa = PBXFileReference; lastKnownFileType = file.storyboard; name = Base; path = Base.lproj/Main.storyboard; sourceTree = "<group>"; };
		39F1E6291CF54424007A8751 /* Assets.xcassets */ = {isa = PBXFileReference; lastKnownFileType = folder.assetcatalog; path = Assets.xcassets; sourceTree = "<group>"; };
		39F1E62C1CF54424007A8751 /* Base */ = {isa = PBXFileReference; lastKnownFileType = file.storyboard; name = Base; path = Base.lproj/LaunchScreen.storyboard; sourceTree = "<group>"; };
		39F1E62E1CF54424007A8751 /* Info.plist */ = {isa = PBXFileReference; lastKnownFileType = text.plist.xml; path = Info.plist; sourceTree = "<group>"; };
		39F1E6331CF54424007A8751 /* zaiweiSDKTests.xctest */ = {isa = PBXFileReference; explicitFileType = wrapper.cfbundle; includeInIndex = 0; path = zaiweiSDKTests.xctest; sourceTree = BUILT_PRODUCTS_DIR; };
		39F1E6371CF54424007A8751 /* zaiweiSDKTests.m */ = {isa = PBXFileReference; lastKnownFileType = sourcecode.c.objc; path = zaiweiSDKTests.m; sourceTree = "<group>"; };
		39F1E6391CF54424007A8751 /* Info.plist */ = {isa = PBXFileReference; lastKnownFileType = text.plist.xml; path = Info.plist; sourceTree = "<group>"; };
		39F1E63E1CF54424007A8751 /* zaiweiSDKUITests.xctest */ = {isa = PBXFileReference; explicitFileType = wrapper.cfbundle; includeInIndex = 0; path = zaiweiSDKUITests.xctest; sourceTree = BUILT_PRODUCTS_DIR; };
		39F1E6421CF54424007A8751 /* zaiweiSDKUITests.m */ = {isa = PBXFileReference; lastKnownFileType = sourcecode.c.objc; path = zaiweiSDKUITests.m; sourceTree = "<group>"; };
		39F1E6441CF54424007A8751 /* Info.plist */ = {isa = PBXFileReference; lastKnownFileType = text.plist.xml; path = Info.plist; sourceTree = "<group>"; };
		39F1E6541CF549AA007A8751 /* ZWViewController.h */ = {isa = PBXFileReference; fileEncoding = 4; lastKnownFileType = sourcecode.c.h; path = ZWViewController.h; sourceTree = "<group>"; };
		39F1E6551CF549AA007A8751 /* ZWViewController.m */ = {isa = PBXFileReference; fileEncoding = 4; lastKnownFileType = sourcecode.c.objc; path = ZWViewController.m; sourceTree = "<group>"; };
		54CBF23113E6A8FC82BFAC18 /* libPods-zaiweiSDK.a */ = {isa = PBXFileReference; explicitFileType = archive.ar; includeInIndex = 0; path = "libPods-zaiweiSDK.a"; sourceTree = BUILT_PRODUCTS_DIR; };
		5997B847BE883F361013C975 /* Pods-zaiweiSDK.debug.xcconfig */ = {isa = PBXFileReference; includeInIndex = 1; lastKnownFileType = text.xcconfig; name = "Pods-zaiweiSDK.debug.xcconfig"; path = "Pods/Target Support Files/Pods-zaiweiSDK/Pods-zaiweiSDK.debug.xcconfig"; sourceTree = "<group>"; };
		69B7E56B6388DFCF13F49AEB /* Pods-zaiweiSDK.release.xcconfig */ = {isa = PBXFileReference; includeInIndex = 1; lastKnownFileType = text.xcconfig; name = "Pods-zaiweiSDK.release.xcconfig"; path = "Pods/Target Support Files/Pods-zaiweiSDK/Pods-zaiweiSDK.release.xcconfig"; sourceTree = "<group>"; };
		71469F0561948D177A8FAD38 /* Pods-zaiweiSDKTests.debug.xcconfig */ = {isa = PBXFileReference; includeInIndex = 1; lastKnownFileType = text.xcconfig; name = "Pods-zaiweiSDKTests.debug.xcconfig"; path = "Pods/Target Support Files/Pods-zaiweiSDKTests/Pods-zaiweiSDKTests.debug.xcconfig"; sourceTree = "<group>"; };
		883C77CC408788B0CCC8E90A /* Pods-zaiweiSDKUITests.debug.xcconfig */ = {isa = PBXFileReference; includeInIndex = 1; lastKnownFileType = text.xcconfig; name = "Pods-zaiweiSDKUITests.debug.xcconfig"; path = "Pods/Target Support Files/Pods-zaiweiSDKUITests/Pods-zaiweiSDKUITests.debug.xcconfig"; sourceTree = "<group>"; };
		904E772AA5E0033FB1D49186 /* Pods-zaiweiSDKTests.release.xcconfig */ = {isa = PBXFileReference; includeInIndex = 1; lastKnownFileType = text.xcconfig; name = "Pods-zaiweiSDKTests.release.xcconfig"; path = "Pods/Target Support Files/Pods-zaiweiSDKTests/Pods-zaiweiSDKTests.release.xcconfig"; sourceTree = "<group>"; };
		B049F5A067F357D8804C9BBD /* libPods-zaiweiSDKTests.a */ = {isa = PBXFileReference; explicitFileType = archive.ar; includeInIndex = 0; path = "libPods-zaiweiSDKTests.a"; sourceTree = BUILT_PRODUCTS_DIR; };
		EFBCDDFB28A28E9AF43FE007 /* libPods-zaiweiSDKUITests.a */ = {isa = PBXFileReference; explicitFileType = archive.ar; includeInIndex = 0; path = "libPods-zaiweiSDKUITests.a"; sourceTree = BUILT_PRODUCTS_DIR; };
/* End PBXFileReference section */

/* Begin PBXFrameworksBuildPhase section */
		39F1E6171CF54424007A8751 /* Frameworks */ = {
			isa = PBXFrameworksBuildPhase;
			buildActionMask = 2147483647;
			files = (
				D1471937A00A897D29D73D09 /* libPods-zaiweiSDK.a in Frameworks */,
			);
			runOnlyForDeploymentPostprocessing = 0;
		};
		39F1E6301CF54424007A8751 /* Frameworks */ = {
			isa = PBXFrameworksBuildPhase;
			buildActionMask = 2147483647;
			files = (
				9724C9628719309CDA29D738 /* libPods-zaiweiSDKTests.a in Frameworks */,
			);
			runOnlyForDeploymentPostprocessing = 0;
		};
		39F1E63B1CF54424007A8751 /* Frameworks */ = {
			isa = PBXFrameworksBuildPhase;
			buildActionMask = 2147483647;
			files = (
				0876E08973F99761DE78B549 /* libPods-zaiweiSDKUITests.a in Frameworks */,
			);
			runOnlyForDeploymentPostprocessing = 0;
		};
/* End PBXFrameworksBuildPhase section */

/* Begin PBXGroup section */
		39F1E6111CF54424007A8751 = {
			isa = PBXGroup;
			children = (
				39F1E61C1CF54424007A8751 /* zaiweiSDK */,
				39F1E6361CF54424007A8751 /* zaiweiSDKTests */,
				39F1E6411CF54424007A8751 /* zaiweiSDKUITests */,
				39F1E61B1CF54424007A8751 /* Products */,
				A9398D829F41B703A63649FE /* Pods */,
				5E70EB817001884F6A6F52BF /* Frameworks */,
			);
			sourceTree = "<group>";
		};
		39F1E61B1CF54424007A8751 /* Products */ = {
			isa = PBXGroup;
			children = (
				39F1E61A1CF54424007A8751 /* zaiweiSDK.app */,
				39F1E6331CF54424007A8751 /* zaiweiSDKTests.xctest */,
				39F1E63E1CF54424007A8751 /* zaiweiSDKUITests.xctest */,
			);
			name = Products;
			sourceTree = "<group>";
		};
		39F1E61C1CF54424007A8751 /* zaiweiSDK */ = {
			isa = PBXGroup;
			children = (
				39F1E6201CF54424007A8751 /* AppDelegate.h */,
				39F1E6211CF54424007A8751 /* AppDelegate.m */,
				39F1E6231CF54424007A8751 /* ViewController.h */,
				39F1E6531CF549AA007A8751 /* ZWVC */,
				39F1E6241CF54424007A8751 /* ViewController.m */,
				39F1E6261CF54424007A8751 /* Main.storyboard */,
				39F1E6291CF54424007A8751 /* Assets.xcassets */,
				39F1E62B1CF54424007A8751 /* LaunchScreen.storyboard */,
				39F1E62E1CF54424007A8751 /* Info.plist */,
				39F1E61D1CF54424007A8751 /* Supporting Files */,
			);
			path = zaiweiSDK;
			sourceTree = "<group>";
		};
		39F1E61D1CF54424007A8751 /* Supporting Files */ = {
			isa = PBXGroup;
			children = (
				39F1E61E1CF54424007A8751 /* main.m */,
			);
			name = "Supporting Files";
			sourceTree = "<group>";
		};
		39F1E6361CF54424007A8751 /* zaiweiSDKTests */ = {
			isa = PBXGroup;
			children = (
				39F1E6371CF54424007A8751 /* zaiweiSDKTests.m */,
				39F1E6391CF54424007A8751 /* Info.plist */,
			);
			path = zaiweiSDKTests;
			sourceTree = "<group>";
		};
		39F1E6411CF54424007A8751 /* zaiweiSDKUITests */ = {
			isa = PBXGroup;
			children = (
				39F1E6421CF54424007A8751 /* zaiweiSDKUITests.m */,
				39F1E6441CF54424007A8751 /* Info.plist */,
			);
			path = zaiweiSDKUITests;
			sourceTree = "<group>";
		};
		39F1E6531CF549AA007A8751 /* ZWVC */ = {
			isa = PBXGroup;
			children = (
				39F1E6541CF549AA007A8751 /* ZWViewController.h */,
				39F1E6551CF549AA007A8751 /* ZWViewController.m */,
			);
			path = ZWVC;
			sourceTree = "<group>";
		};
		5E70EB817001884F6A6F52BF /* Frameworks */ = {
			isa = PBXGroup;
			children = (
				54CBF23113E6A8FC82BFAC18 /* libPods-zaiweiSDK.a */,
				B049F5A067F357D8804C9BBD /* libPods-zaiweiSDKTests.a */,
				EFBCDDFB28A28E9AF43FE007 /* libPods-zaiweiSDKUITests.a */,
			);
			name = Frameworks;
			sourceTree = "<group>";
		};
		A9398D829F41B703A63649FE /* Pods */ = {
			isa = PBXGroup;
			children = (
				5997B847BE883F361013C975 /* Pods-zaiweiSDK.debug.xcconfig */,
				69B7E56B6388DFCF13F49AEB /* Pods-zaiweiSDK.release.xcconfig */,
				71469F0561948D177A8FAD38 /* Pods-zaiweiSDKTests.debug.xcconfig */,
				904E772AA5E0033FB1D49186 /* Pods-zaiweiSDKTests.release.xcconfig */,
				883C77CC408788B0CCC8E90A /* Pods-zaiweiSDKUITests.debug.xcconfig */,
				0E6EA9877CC6EC2865E3D72B /* Pods-zaiweiSDKUITests.release.xcconfig */,
			);
			name = Pods;
			sourceTree = "<group>";
		};
/* End PBXGroup section */

/* Begin PBXNativeTarget section */
		39F1E6191CF54424007A8751 /* zaiweiSDK */ = {
			isa = PBXNativeTarget;
			buildConfigurationList = 39F1E6471CF54424007A8751 /* Build configuration list for PBXNativeTarget "zaiweiSDK" */;
			buildPhases = (
				67E72C2A59BCECC100ECDC31 /* 📦 Check Pods Manifest.lock */,
				39F1E6161CF54424007A8751 /* Sources */,
				39F1E6171CF54424007A8751 /* Frameworks */,
				39F1E6181CF54424007A8751 /* Resources */,
				C43DBB6343B50A66C7152A05 /* 📦 Embed Pods Frameworks */,
				AB5D046300CBFD5CE4004EB2 /* 📦 Copy Pods Resources */,
			);
			buildRules = (
			);
			dependencies = (
			);
			name = zaiweiSDK;
			productName = zaiweiSDK;
			productReference = 39F1E61A1CF54424007A8751 /* zaiweiSDK.app */;
			productType = "com.apple.product-type.application";
		};
		39F1E6321CF54424007A8751 /* zaiweiSDKTests */ = {
			isa = PBXNativeTarget;
			buildConfigurationList = 39F1E64A1CF54424007A8751 /* Build configuration list for PBXNativeTarget "zaiweiSDKTests" */;
			buildPhases = (
				C7D284A5FF4E268090BED6BC /* 📦 Check Pods Manifest.lock */,
				39F1E62F1CF54424007A8751 /* Sources */,
				39F1E6301CF54424007A8751 /* Frameworks */,
				39F1E6311CF54424007A8751 /* Resources */,
				346A462098309A219632BC37 /* 📦 Embed Pods Frameworks */,
				7092F1F8B028F53F61D62938 /* 📦 Copy Pods Resources */,
			);
			buildRules = (
			);
			dependencies = (
				39F1E6351CF54424007A8751 /* PBXTargetDependency */,
			);
			name = zaiweiSDKTests;
			productName = zaiweiSDKTests;
			productReference = 39F1E6331CF54424007A8751 /* zaiweiSDKTests.xctest */;
			productType = "com.apple.product-type.bundle.unit-test";
		};
		39F1E63D1CF54424007A8751 /* zaiweiSDKUITests */ = {
			isa = PBXNativeTarget;
			buildConfigurationList = 39F1E64D1CF54424007A8751 /* Build configuration list for PBXNativeTarget "zaiweiSDKUITests" */;
			buildPhases = (
				A85DD68B6ECB40387D48ACD3 /* 📦 Check Pods Manifest.lock */,
				39F1E63A1CF54424007A8751 /* Sources */,
				39F1E63B1CF54424007A8751 /* Frameworks */,
				39F1E63C1CF54424007A8751 /* Resources */,
				5875A17EB4DCE9FE3798C02C /* 📦 Copy Pods Resources */,
			);
			buildRules = (
			);
			dependencies = (
				39F1E6401CF54424007A8751 /* PBXTargetDependency */,
			);
			name = zaiweiSDKUITests;
			productName = zaiweiSDKUITests;
			productReference = 39F1E63E1CF54424007A8751 /* zaiweiSDKUITests.xctest */;
			productType = "com.apple.product-type.bundle.ui-testing";
		};
/* End PBXNativeTarget section */

/* Begin PBXProject section */
		39F1E6121CF54424007A8751 /* Project object */ = {
			isa = PBXProject;
			attributes = {
				LastUpgradeCheck = 0730;
				ORGANIZATIONNAME = maple;
				TargetAttributes = {
					39F1E6191CF54424007A8751 = {
						CreatedOnToolsVersion = 7.3.1;
						DevelopmentTeam = 8P6476QFNP;
					};
					39F1E6321CF54424007A8751 = {
						CreatedOnToolsVersion = 7.3.1;
						TestTargetID = 39F1E6191CF54424007A8751;
					};
					39F1E63D1CF54424007A8751 = {
						CreatedOnToolsVersion = 7.3.1;
						TestTargetID = 39F1E6191CF54424007A8751;
					};
				};
			};
			buildConfigurationList = 39F1E6151CF54424007A8751 /* Build configuration list for PBXProject "zaiweiSDK" */;
			compatibilityVersion = "Xcode 3.2";
			developmentRegion = English;
			hasScannedForEncodings = 0;
			knownRegions = (
				en,
				Base,
			);
			mainGroup = 39F1E6111CF54424007A8751;
			productRefGroup = 39F1E61B1CF54424007A8751 /* Products */;
			projectDirPath = "";
			projectRoot = "";
			targets = (
				39F1E6191CF54424007A8751 /* zaiweiSDK */,
				39F1E6321CF54424007A8751 /* zaiweiSDKTests */,
				39F1E63D1CF54424007A8751 /* zaiweiSDKUITests */,
			);
		};
/* End PBXProject section */

/* Begin PBXResourcesBuildPhase section */
		39F1E6181CF54424007A8751 /* Resources */ = {
			isa = PBXResourcesBuildPhase;
			buildActionMask = 2147483647;
			files = (
				39F1E62D1CF54424007A8751 /* LaunchScreen.storyboard in Resources */,
				39F1E62A1CF54424007A8751 /* Assets.xcassets in Resources */,
				39F1E6281CF54424007A8751 /* Main.storyboard in Resources */,
			);
			runOnlyForDeploymentPostprocessing = 0;
		};
		39F1E6311CF54424007A8751 /* Resources */ = {
			isa = PBXResourcesBuildPhase;
			buildActionMask = 2147483647;
			files = (
			);
			runOnlyForDeploymentPostprocessing = 0;
		};
		39F1E63C1CF54424007A8751 /* Resources */ = {
			isa = PBXResourcesBuildPhase;
			buildActionMask = 2147483647;
			files = (
			);
			runOnlyForDeploymentPostprocessing = 0;
		};
/* End PBXResourcesBuildPhase section */

/* Begin PBXShellScriptBuildPhase section */
		346A462098309A219632BC37 /* 📦 Embed Pods Frameworks */ = {
			isa = PBXShellScriptBuildPhase;
			buildActionMask = 2147483647;
			files = (
			);
			inputPaths = (
			);
			name = "📦 Embed Pods Frameworks";
			outputPaths = (
			);
			runOnlyForDeploymentPostprocessing = 0;
			shellPath = /bin/sh;
			shellScript = "\"${SRCROOT}/Pods/Target Support Files/Pods-zaiweiSDKTests/Pods-zaiweiSDKTests-frameworks.sh\"\n";
			showEnvVarsInLog = 0;
		};
		5875A17EB4DCE9FE3798C02C /* 📦 Copy Pods Resources */ = {
			isa = PBXShellScriptBuildPhase;
			buildActionMask = 2147483647;
			files = (
			);
			inputPaths = (
			);
			name = "📦 Copy Pods Resources";
			outputPaths = (
			);
			runOnlyForDeploymentPostprocessing = 0;
			shellPath = /bin/sh;
			shellScript = "\"${SRCROOT}/Pods/Target Support Files/Pods-zaiweiSDKUITests/Pods-zaiweiSDKUITests-resources.sh\"\n";
			showEnvVarsInLog = 0;
		};
		67E72C2A59BCECC100ECDC31 /* 📦 Check Pods Manifest.lock */ = {
			isa = PBXShellScriptBuildPhase;
			buildActionMask = 2147483647;
			files = (
			);
			inputPaths = (
			);
			name = "📦 Check Pods Manifest.lock";
			outputPaths = (
			);
			runOnlyForDeploymentPostprocessing = 0;
			shellPath = /bin/sh;
			shellScript = "diff \"${PODS_ROOT}/../Podfile.lock\" \"${PODS_ROOT}/Manifest.lock\" > /dev/null\nif [[ $? != 0 ]] ; then\n    cat << EOM\nerror: The sandbox is not in sync with the Podfile.lock. Run 'pod install' or update your CocoaPods installation.\nEOM\n    exit 1\nfi\n";
			showEnvVarsInLog = 0;
		};
		7092F1F8B028F53F61D62938 /* 📦 Copy Pods Resources */ = {
			isa = PBXShellScriptBuildPhase;
			buildActionMask = 2147483647;
			files = (
			);
			inputPaths = (
			);
			name = "📦 Copy Pods Resources";
			outputPaths = (
			);
			runOnlyForDeploymentPostprocessing = 0;
			shellPath = /bin/sh;
			shellScript = "\"${SRCROOT}/Pods/Target Support Files/Pods-zaiweiSDKTests/Pods-zaiweiSDKTests-resources.sh\"\n";
			showEnvVarsInLog = 0;
		};
		A85DD68B6ECB40387D48ACD3 /* 📦 Check Pods Manifest.lock */ = {
			isa = PBXShellScriptBuildPhase;
			buildActionMask = 2147483647;
			files = (
			);
			inputPaths = (
			);
			name = "📦 Check Pods Manifest.lock";
			outputPaths = (
			);
			runOnlyForDeploymentPostprocessing = 0;
			shellPath = /bin/sh;
			shellScript = "diff \"${PODS_ROOT}/../Podfile.lock\" \"${PODS_ROOT}/Manifest.lock\" > /dev/null\nif [[ $? != 0 ]] ; then\n    cat << EOM\nerror: The sandbox is not in sync with the Podfile.lock. Run 'pod install' or update your CocoaPods installation.\nEOM\n    exit 1\nfi\n";
			showEnvVarsInLog = 0;
		};
		AB5D046300CBFD5CE4004EB2 /* 📦 Copy Pods Resources */ = {
			isa = PBXShellScriptBuildPhase;
			buildActionMask = 2147483647;
			files = (
			);
			inputPaths = (
			);
			name = "📦 Copy Pods Resources";
			outputPaths = (
			);
			runOnlyForDeploymentPostprocessing = 0;
			shellPath = /bin/sh;
			shellScript = "\"${SRCROOT}/Pods/Target Support Files/Pods-zaiweiSDK/Pods-zaiweiSDK-resources.sh\"\n";
			showEnvVarsInLog = 0;
		};
		C43DBB6343B50A66C7152A05 /* 📦 Embed Pods Frameworks */ = {
			isa = PBXShellScriptBuildPhase;
			buildActionMask = 2147483647;
			files = (
			);
			inputPaths = (
			);
			name = "📦 Embed Pods Frameworks";
			outputPaths = (
			);
			runOnlyForDeploymentPostprocessing = 0;
			shellPath = /bin/sh;
			shellScript = "\"${SRCROOT}/Pods/Target Support Files/Pods-zaiweiSDK/Pods-zaiweiSDK-frameworks.sh\"\n";
			showEnvVarsInLog = 0;
		};
		C7D284A5FF4E268090BED6BC /* 📦 Check Pods Manifest.lock */ = {
			isa = PBXShellScriptBuildPhase;
			buildActionMask = 2147483647;
			files = (
			);
			inputPaths = (
			);
			name = "📦 Check Pods Manifest.lock";
			outputPaths = (
			);
			runOnlyForDeploymentPostprocessing = 0;
			shellPath = /bin/sh;
			shellScript = "diff \"${PODS_ROOT}/../Podfile.lock\" \"${PODS_ROOT}/Manifest.lock\" > /dev/null\nif [[ $? != 0 ]] ; then\n    cat << EOM\nerror: The sandbox is not in sync with the Podfile.lock. Run 'pod install' or update your CocoaPods installation.\nEOM\n    exit 1\nfi\n";
			showEnvVarsInLog = 0;
		};
/* End PBXShellScriptBuildPhase section */

/* Begin PBXSourcesBuildPhase section */
		39F1E6161CF54424007A8751 /* Sources */ = {
			isa = PBXSourcesBuildPhase;
			buildActionMask = 2147483647;
			files = (
				39F1E6251CF54424007A8751 /* ViewController.m in Sources */,
				39F1E6561CF549AA007A8751 /* ZWViewController.m in Sources */,
				39F1E6221CF54424007A8751 /* AppDelegate.m in Sources */,
				39F1E61F1CF54424007A8751 /* main.m in Sources */,
			);
			runOnlyForDeploymentPostprocessing = 0;
		};
		39F1E62F1CF54424007A8751 /* Sources */ = {
			isa = PBXSourcesBuildPhase;
			buildActionMask = 2147483647;
			files = (
				39F1E6381CF54424007A8751 /* zaiweiSDKTests.m in Sources */,
			);
			runOnlyForDeploymentPostprocessing = 0;
		};
		39F1E63A1CF54424007A8751 /* Sources */ = {
			isa = PBXSourcesBuildPhase;
			buildActionMask = 2147483647;
			files = (
				39F1E6431CF54424007A8751 /* zaiweiSDKUITests.m in Sources */,
			);
			runOnlyForDeploymentPostprocessing = 0;
		};
/* End PBXSourcesBuildPhase section */

/* Begin PBXTargetDependency section */
		39F1E6351CF54424007A8751 /* PBXTargetDependency */ = {
			isa = PBXTargetDependency;
			target = 39F1E6191CF54424007A8751 /* zaiweiSDK */;
			targetProxy = 39F1E6341CF54424007A8751 /* PBXContainerItemProxy */;
		};
		39F1E6401CF54424007A8751 /* PBXTargetDependency */ = {
			isa = PBXTargetDependency;
			target = 39F1E6191CF54424007A8751 /* zaiweiSDK */;
			targetProxy = 39F1E63F1CF54424007A8751 /* PBXContainerItemProxy */;
		};
/* End PBXTargetDependency section */

/* Begin PBXVariantGroup section */
		39F1E6261CF54424007A8751 /* Main.storyboard */ = {
			isa = PBXVariantGroup;
			children = (
				39F1E6271CF54424007A8751 /* Base */,
			);
			name = Main.storyboard;
			sourceTree = "<group>";
		};
		39F1E62B1CF54424007A8751 /* LaunchScreen.storyboard */ = {
			isa = PBXVariantGroup;
			children = (
				39F1E62C1CF54424007A8751 /* Base */,
			);
			name = LaunchScreen.storyboard;
			sourceTree = "<group>";
		};
/* End PBXVariantGroup section */

/* Begin XCBuildConfiguration section */
		39F1E6451CF54424007A8751 /* Debug */ = {
			isa = XCBuildConfiguration;
			buildSettings = {
				ALWAYS_SEARCH_USER_PATHS = NO;
				CLANG_ANALYZER_NONNULL = YES;
				CLANG_CXX_LANGUAGE_STANDARD = "gnu++0x";
				CLANG_CXX_LIBRARY = "libc++";
				CLANG_ENABLE_MODULES = YES;
				CLANG_ENABLE_OBJC_ARC = YES;
				CLANG_WARN_BOOL_CONVERSION = YES;
				CLANG_WARN_CONSTANT_CONVERSION = YES;
				CLANG_WARN_DIRECT_OBJC_ISA_USAGE = YES_ERROR;
				CLANG_WARN_EMPTY_BODY = YES;
				CLANG_WARN_ENUM_CONVERSION = YES;
				CLANG_WARN_INT_CONVERSION = YES;
				CLANG_WARN_OBJC_ROOT_CLASS = YES_ERROR;
				CLANG_WARN_UNREACHABLE_CODE = YES;
				CLANG_WARN__DUPLICATE_METHOD_MATCH = YES;
				"CODE_SIGN_IDENTITY[sdk=iphoneos*]" = "iPhone Developer";
				COPY_PHASE_STRIP = NO;
				DEBUG_INFORMATION_FORMAT = dwarf;
				ENABLE_STRICT_OBJC_MSGSEND = YES;
				ENABLE_TESTABILITY = YES;
				GCC_C_LANGUAGE_STANDARD = gnu99;
				GCC_DYNAMIC_NO_PIC = NO;
				GCC_NO_COMMON_BLOCKS = YES;
				GCC_OPTIMIZATION_LEVEL = 0;
				GCC_PREPROCESSOR_DEFINITIONS = (
					"DEBUG=1",
					"$(inherited)",
				);
				GCC_WARN_64_TO_32_BIT_CONVERSION = YES;
				GCC_WARN_ABOUT_RETURN_TYPE = YES_ERROR;
				GCC_WARN_UNDECLARED_SELECTOR = YES;
				GCC_WARN_UNINITIALIZED_AUTOS = YES_AGGRESSIVE;
				GCC_WARN_UNUSED_FUNCTION = YES;
				GCC_WARN_UNUSED_VARIABLE = YES;
				IPHONEOS_DEPLOYMENT_TARGET = 9.3;
				MTL_ENABLE_DEBUG_INFO = YES;
				ONLY_ACTIVE_ARCH = YES;
				SDKROOT = iphoneos;
				TARGETED_DEVICE_FAMILY = "1,2";
			};
			name = Debug;
		};
		39F1E6461CF54424007A8751 /* Release */ = {
			isa = XCBuildConfiguration;
			buildSettings = {
				ALWAYS_SEARCH_USER_PATHS = NO;
				CLANG_ANALYZER_NONNULL = YES;
				CLANG_CXX_LANGUAGE_STANDARD = "gnu++0x";
				CLANG_CXX_LIBRARY = "libc++";
				CLANG_ENABLE_MODULES = YES;
				CLANG_ENABLE_OBJC_ARC = YES;
				CLANG_WARN_BOOL_CONVERSION = YES;
				CLANG_WARN_CONSTANT_CONVERSION = YES;
				CLANG_WARN_DIRECT_OBJC_ISA_USAGE = YES_ERROR;
				CLANG_WARN_EMPTY_BODY = YES;
				CLANG_WARN_ENUM_CONVERSION = YES;
				CLANG_WARN_INT_CONVERSION = YES;
				CLANG_WARN_OBJC_ROOT_CLASS = YES_ERROR;
				CLANG_WARN_UNREACHABLE_CODE = YES;
				CLANG_WARN__DUPLICATE_METHOD_MATCH = YES;
				"CODE_SIGN_IDENTITY[sdk=iphoneos*]" = "iPhone Developer";
				COPY_PHASE_STRIP = NO;
				DEBUG_INFORMATION_FORMAT = "dwarf-with-dsym";
				ENABLE_NS_ASSERTIONS = NO;
				ENABLE_STRICT_OBJC_MSGSEND = YES;
				GCC_C_LANGUAGE_STANDARD = gnu99;
				GCC_NO_COMMON_BLOCKS = YES;
				GCC_WARN_64_TO_32_BIT_CONVERSION = YES;
				GCC_WARN_ABOUT_RETURN_TYPE = YES_ERROR;
				GCC_WARN_UNDECLARED_SELECTOR = YES;
				GCC_WARN_UNINITIALIZED_AUTOS = YES_AGGRESSIVE;
				GCC_WARN_UNUSED_FUNCTION = YES;
				GCC_WARN_UNUSED_VARIABLE = YES;
				IPHONEOS_DEPLOYMENT_TARGET = 9.3;
				MTL_ENABLE_DEBUG_INFO = NO;
				SDKROOT = iphoneos;
				TARGETED_DEVICE_FAMILY = "1,2";
				VALIDATE_PRODUCT = YES;
			};
			name = Release;
		};
		39F1E6481CF54424007A8751 /* Debug */ = {
			isa = XCBuildConfiguration;
			baseConfigurationReference = 5997B847BE883F361013C975 /* Pods-zaiweiSDK.debug.xcconfig */;
			buildSettings = {
				ASSETCATALOG_COMPILER_APPICON_NAME = AppIcon;
				CODE_SIGN_IDENTITY = "iPhone Developer";
				"CODE_SIGN_IDENTITY[sdk=iphoneos*]" = "iPhone Developer";
				INFOPLIST_FILE = zaiweiSDK/Info.plist;
				LD_RUNPATH_SEARCH_PATHS = "$(inherited) @executable_path/Frameworks";
				PRODUCT_BUNDLE_IDENTIFIER = com.zai.zaiweiSDK2;
				PRODUCT_NAME = "$(TARGET_NAME)";
				PROVISIONING_PROFILE = "";
			};
			name = Debug;
		};
		39F1E6491CF54424007A8751 /* Release */ = {
			isa = XCBuildConfiguration;
			baseConfigurationReference = 69B7E56B6388DFCF13F49AEB /* Pods-zaiweiSDK.release.xcconfig */;
			buildSettings = {
				ASSETCATALOG_COMPILER_APPICON_NAME = AppIcon;
				CODE_SIGN_IDENTITY = "iPhone Developer";
				"CODE_SIGN_IDENTITY[sdk=iphoneos*]" = "iPhone Developer";
				INFOPLIST_FILE = zaiweiSDK/Info.plist;
				LD_RUNPATH_SEARCH_PATHS = "$(inherited) @executable_path/Frameworks";
				PRODUCT_BUNDLE_IDENTIFIER = com.zai.zaiweiSDK2;
				PRODUCT_NAME = "$(TARGET_NAME)";
				PROVISIONING_PROFILE = "";
			};
			name = Release;
		};
		39F1E64B1CF54424007A8751 /* Debug */ = {
			isa = XCBuildConfiguration;
			baseConfigurationReference = 71469F0561948D177A8FAD38 /* Pods-zaiweiSDKTests.debug.xcconfig */;
			buildSettings = {
				BUNDLE_LOADER = "$(TEST_HOST)";
				INFOPLIST_FILE = zaiweiSDKTests/Info.plist;
				LD_RUNPATH_SEARCH_PATHS = "$(inherited) @executable_path/Frameworks @loader_path/Frameworks";
				PRODUCT_BUNDLE_IDENTIFIER = pingan.zaiweiSDKTests;
				PRODUCT_NAME = "$(TARGET_NAME)";
				TEST_HOST = "$(BUILT_PRODUCTS_DIR)/zaiweiSDK.app/zaiweiSDK";
			};
			name = Debug;
		};
		39F1E64C1CF54424007A8751 /* Release */ = {
			isa = XCBuildConfiguration;
			baseConfigurationReference = 904E772AA5E0033FB1D49186 /* Pods-zaiweiSDKTests.release.xcconfig */;
			buildSettings = {
				BUNDLE_LOADER = "$(TEST_HOST)";
				INFOPLIST_FILE = zaiweiSDKTests/Info.plist;
				LD_RUNPATH_SEARCH_PATHS = "$(inherited) @executable_path/Frameworks @loader_path/Frameworks";
				PRODUCT_BUNDLE_IDENTIFIER = pingan.zaiweiSDKTests;
				PRODUCT_NAME = "$(TARGET_NAME)";
				TEST_HOST = "$(BUILT_PRODUCTS_DIR)/zaiweiSDK.app/zaiweiSDK";
			};
			name = Release;
		};
		39F1E64E1CF54424007A8751 /* Debug */ = {
			isa = XCBuildConfiguration;
			baseConfigurationReference = 883C77CC408788B0CCC8E90A /* Pods-zaiweiSDKUITests.debug.xcconfig */;
			buildSettings = {
				INFOPLIST_FILE = zaiweiSDKUITests/Info.plist;
				LD_RUNPATH_SEARCH_PATHS = "$(inherited) @executable_path/Frameworks @loader_path/Frameworks";
				PRODUCT_BUNDLE_IDENTIFIER = pingan.zaiweiSDKUITests;
				PRODUCT_NAME = "$(TARGET_NAME)";
				TEST_TARGET_NAME = zaiweiSDK;
			};
			name = Debug;
		};
		39F1E64F1CF54424007A8751 /* Release */ = {
			isa = XCBuildConfiguration;
			baseConfigurationReference = 0E6EA9877CC6EC2865E3D72B /* Pods-zaiweiSDKUITests.release.xcconfig */;
			buildSettings = {
				INFOPLIST_FILE = zaiweiSDKUITests/Info.plist;
				LD_RUNPATH_SEARCH_PATHS = "$(inherited) @executable_path/Frameworks @loader_path/Frameworks";
				PRODUCT_BUNDLE_IDENTIFIER = pingan.zaiweiSDKUITests;
				PRODUCT_NAME = "$(TARGET_NAME)";
				TEST_TARGET_NAME = zaiweiSDK;
			};
			name = Release;
		};
/* End XCBuildConfiguration section */

/* Begin XCConfigurationList section */
		39F1E6151CF54424007A8751 /* Build configuration list for PBXProject "zaiweiSDK" */ = {
			isa = XCConfigurationList;
			buildConfigurations = (
				39F1E6451CF54424007A8751 /* Debug */,
				39F1E6461CF54424007A8751 /* Release */,
			);
			defaultConfigurationIsVisible = 0;
			defaultConfigurationName = Release;
		};
		39F1E6471CF54424007A8751 /* Build configuration list for PBXNativeTarget "zaiweiSDK" */ = {
			isa = XCConfigurationList;
			buildConfigurations = (
				39F1E6481CF54424007A8751 /* Debug */,
				39F1E6491CF54424007A8751 /* Release */,
			);
			defaultConfigurationIsVisible = 0;
			defaultConfigurationName = Release;
		};
		39F1E64A1CF54424007A8751 /* Build configuration list for PBXNativeTarget "zaiweiSDKTests" */ = {
			isa = XCConfigurationList;
			buildConfigurations = (
				39F1E64B1CF54424007A8751 /* Debug */,
				39F1E64C1CF54424007A8751 /* Release */,
			);
			defaultConfigurationIsVisible = 0;
			defaultConfigurationName = Release;
		};
		39F1E64D1CF54424007A8751 /* Build configuration list for PBXNativeTarget "zaiweiSDKUITests" */ = {
			isa = XCConfigurationList;
			buildConfigurations = (
				39F1E64E1CF54424007A8751 /* Debug */,
				39F1E64F1CF54424007A8751 /* Release */,
			);
			defaultConfigurationIsVisible = 0;
			defaultConfigurationName = Release;
		};
/* End XCConfigurationList section */
	};
	rootObject = 39F1E6121CF54424007A8751 /* Project object */;
}
